// !$*UTF8*$!
{
	archiveVersion = 1;
	classes = {
	};
	objectVersion = 46;
	objects = {

/* Begin PBXBuildFile section */
		9528A7151EB47CD7001720B4 /* AppDelegate.swift in Sources */ = {isa = PBXBuildFile; fileRef = 9528A7141EB47CD7001720B4 /* AppDelegate.swift */; };
		9528A7171EB47CD7001720B4 /* ViewController.swift in Sources */ = {isa = PBXBuildFile; fileRef = 9528A7161EB47CD7001720B4 /* ViewController.swift */; };
		9528A71A1EB47CD7001720B4 /* Main.storyboard in Resources */ = {isa = PBXBuildFile; fileRef = 9528A7181EB47CD7001720B4 /* Main.storyboard */; };
		9528A71D1EB47CD7001720B4 /* ExpenseManager.xcdatamodeld in Sources */ = {isa = PBXBuildFile; fileRef = 9528A71B1EB47CD7001720B4 /* ExpenseManager.xcdatamodeld */; };
		9528A71F1EB47CD7001720B4 /* Assets.xcassets in Resources */ = {isa = PBXBuildFile; fileRef = 9528A71E1EB47CD7001720B4 /* Assets.xcassets */; };
		9528A7221EB47CD7001720B4 /* LaunchScreen.storyboard in Resources */ = {isa = PBXBuildFile; fileRef = 9528A7201EB47CD7001720B4 /* LaunchScreen.storyboard */; };
		9528A72A1EB47E31001720B4 /* TableViewCell.swift in Sources */ = {isa = PBXBuildFile; fileRef = 9528A7291EB47E31001720B4 /* TableViewCell.swift */; };
/* End PBXBuildFile section */

/* Begin PBXFileReference section */
		9528A7111EB47CD7001720B4 /* ExpenseManager.app */ = {isa = PBXFileReference; explicitFileType = wrapper.application; includeInIndex = 0; path = ExpenseManager.app; sourceTree = BUILT_PRODUCTS_DIR; };
		9528A7141EB47CD7001720B4 /* AppDelegate.swift */ = {isa = PBXFileReference; lastKnownFileType = sourcecode.swift; path = AppDelegate.swift; sourceTree = "<group>"; };
		9528A7161EB47CD7001720B4 /* ViewController.swift */ = {isa = PBXFileReference; lastKnownFileType = sourcecode.swift; path = ViewController.swift; sourceTree = "<group>"; };
		9528A7191EB47CD7001720B4 /* Base */ = {isa = PBXFileReference; lastKnownFileType = file.storyboard; name = Base; path = Base.lproj/Main.storyboard; sourceTree = "<group>"; };
		9528A71C1EB47CD7001720B4 /* ExpenseManager.xcdatamodel */ = {isa = PBXFileReference; lastKnownFileType = wrapper.xcdatamodel; path = ExpenseManager.xcdatamodel; sourceTree = "<group>"; };
		9528A71E1EB47CD7001720B4 /* Assets.xcassets */ = {isa = PBXFileReference; lastKnownFileType = folder.assetcatalog; path = Assets.xcassets; sourceTree = "<group>"; };
		9528A7211EB47CD7001720B4 /* Base */ = {isa = PBXFileReference; lastKnownFileType = file.storyboard; name = Base; path = Base.lproj/LaunchScreen.storyboard; sourceTree = "<group>"; };
		9528A7231EB47CD7001720B4 /* Info.plist */ = {isa = PBXFileReference; lastKnownFileType = text.plist.xml; path = Info.plist; sourceTree = "<group>"; };
		9528A7291EB47E31001720B4 /* TableViewCell.swift */ = {isa = PBXFileReference; fileEncoding = 4; lastKnownFileType = sourcecode.swift; path = TableViewCell.swift; sourceTree = "<group>"; };
/* End PBXFileReference section */

/* Begin PBXFrameworksBuildPhase section */
		9528A70E1EB47CD6001720B4 /* Frameworks */ = {
			isa = PBXFrameworksBuildPhase;
			buildActionMask = 2147483647;
			files = (
			);
			runOnlyForDeploymentPostprocessing = 0;
		};
/* End PBXFrameworksBuildPhase section */

/* Begin PBXGroup section */
		9528A7081EB47CD6001720B4 = {
			isa = PBXGroup;
			children = (
				9528A7131EB47CD7001720B4 /* ExpenseManager */,
				9528A7121EB47CD7001720B4 /* Products */,
			);
			sourceTree = "<group>";
		};
		9528A7121EB47CD7001720B4 /* Products */ = {
			isa = PBXGroup;
			children = (
				9528A7111EB47CD7001720B4 /* ExpenseManager.app */,
			);
			name = Products;
			sourceTree = "<group>";
		};
		9528A7131EB47CD7001720B4 /* ExpenseManager */ = {
			isa = PBXGroup;
			children = (
				9528A7141EB47CD7001720B4 /* AppDelegate.swift */,
				9528A7161EB47CD7001720B4 /* ViewController.swift */,
				9528A7181EB47CD7001720B4 /* Main.storyboard */,
				9528A7291EB47E31001720B4 /* TableViewCell.swift */,
				9528A71E1EB47CD7001720B4 /* Assets.xcassets */,
				9528A7201EB47CD7001720B4 /* LaunchScreen.storyboard */,
				9528A7231EB47CD7001720B4 /* Info.plist */,
				9528A71B1EB47CD7001720B4 /* ExpenseManager.xcdatamodeld */,
			);
			path = ExpenseManager;
			sourceTree = "<group>";
		};
/* End PBXGroup section */

/* Begin PBXNativeTarget section */
		9528A7101EB47CD6001720B4 /* ExpenseManager */ = {
			isa = PBXNativeTarget;
			buildConfigurationList = 9528A7261EB47CD7001720B4 /* Build configuration list for PBXNativeTarget "ExpenseManager" */;
			buildPhases = (
				9528A70D1EB47CD6001720B4 /* Sources */,
				9528A70E1EB47CD6001720B4 /* Frameworks */,
				9528A70F1EB47CD6001720B4 /* Resources */,
			);
			buildRules = (
			);
			dependencies = (
			);
			name = ExpenseManager;
			productName = ExpenseManager;
			productReference = 9528A7111EB47CD7001720B4 /* ExpenseManager.app */;
			productType = "com.apple.product-type.application";
		};
/* End PBXNativeTarget section */

/* Begin PBXProject section */
		9528A7091EB47CD6001720B4 /* Project object */ = {
			isa = PBXProject;
			attributes = {
				LastSwiftUpdateCheck = 0830;
				LastUpgradeCheck = 0830;
				ORGANIZATIONNAME = "Prakhar Tripathi";
				TargetAttributes = {
					9528A7101EB47CD6001720B4 = {
						CreatedOnToolsVersion = 8.3.2;
						DevelopmentTeam = XCJUNLP4Z8;
						ProvisioningStyle = Automatic;
					};
				};
			};
			buildConfigurationList = 9528A70C1EB47CD6001720B4 /* Build configuration list for PBXProject "ExpenseManager" */;
			compatibilityVersion = "Xcode 3.2";
			developmentRegion = English;
			hasScannedForEncodings = 0;
			knownRegions = (
				en,
				Base,
			);
			mainGroup = 9528A7081EB47CD6001720B4;
			productRefGroup = 9528A7121EB47CD7001720B4 /* Products */;
			projectDirPath = "";
			projectRoot = "";
			targets = (
				9528A7101EB47CD6001720B4 /* ExpenseManager */,
			);
		};
/* End PBXProject section */

/* Begin PBXResourcesBuildPhase section */
		9528A70F1EB47CD6001720B4 /* Resources */ = {
			isa = PBXResourcesBuildPhase;
			buildActionMask = 2147483647;
			files = (
				9528A7221EB47CD7001720B4 /* LaunchScreen.storyboard in Resources */,
				9528A71F1EB47CD7001720B4 /* Assets.xcassets in Resources */,
				9528A71A1EB47CD7001720B4 /* Main.storyboard in Resources */,
			);
			runOnlyForDeploymentPostprocessing = 0;
		};
/* End PBXResourcesBuildPhase section */

/* Begin PBXSourcesBuildPhase section */
		9528A70D1EB47CD6001720B4 /* Sources */ = {
			isa = PBXSourcesBuildPhase;
			buildActionMask = 2147483647;
			files = (
				9528A7171EB47CD7001720B4 /* ViewController.swift in Sources */,
				9528A72A1EB47E31001720B4 /* TableViewCell.swift in Sources */,
				9528A71D1EB47CD7001720B4 /* ExpenseManager.xcdatamodeld in Sources */,
				9528A7151EB47CD7001720B4 /* AppDelegate.swift in Sources */,
			);
			runOnlyForDeploymentPostprocessing = 0;
		};
/* End PBXSourcesBuildPhase section */

/* Begin PBXVariantGroup section */
		9528A7181EB47CD7001720B4 /* Main.storyboard */ = {
			isa = PBXVariantGroup;
			children = (
				9528A7191EB47CD7001720B4 /* Base */,
			);
			name = Main.storyboard;
			sourceTree = "<group>";
		};
		9528A7201EB47CD7001720B4 /* LaunchScreen.storyboard */ = {
			isa = PBXVariantGroup;
			children = (
				9528A7211EB47CD7001720B4 /* Base */,
			);
			name = LaunchScreen.storyboard;
			sourceTree = "<group>";
		};
/* End PBXVariantGroup section */

/* Begin XCBuildConfiguration section */
		9528A7241EB47CD7001720B4 /* Debug */ = {
			isa = XCBuildConfiguration;
			buildSettings = {
				ALWAYS_SEARCH_USER_PATHS = NO;
				CLANG_ANALYZER_NONNULL = YES;
				CLANG_ANALYZER_NUMBER_OBJECT_CONVERSION = YES_AGGRESSIVE;
				CLANG_CXX_LANGUAGE_STANDARD = "gnu++0x";
				CLANG_CXX_LIBRARY = "libc++";
				CLANG_ENABLE_MODULES = YES;
				CLANG_ENABLE_OBJC_ARC = YES;
				CLANG_WARN_BOOL_CONVERSION = YES;
				CLANG_WARN_CONSTANT_CONVERSION = YES;
				CLANG_WARN_DIRECT_OBJC_ISA_USAGE = YES_ERROR;
				CLANG_WARN_DOCUMENTATION_COMMENTS = YES;
				CLANG_WARN_EMPTY_BODY = YES;
				CLANG_WARN_ENUM_CONVERSION = YES;
				CLANG_WARN_INFINITE_RECURSION = YES;
				CLANG_WARN_INT_CONVERSION = YES;
				CLANG_WARN_OBJC_ROOT_CLASS = YES_ERROR;
				CLANG_WARN_SUSPICIOUS_MOVE = YES;
				CLANG_WARN_UNREACHABLE_CODE = YES;
				CLANG_WARN__DUPLICATE_METHOD_MATCH = YES;
				"CODE_SIGN_IDENTITY[sdk=iphoneos*]" = "iPhone Developer";
				COPY_PHASE_STRIP = NO;
				DEBUG_INFORMATION_FORMAT = dwarf;
				ENABLE_STRICT_OBJC_MSGSEND = YES;
				ENABLE_TESTABILITY = YES;
				GCC_C_LANGUAGE_STANDARD = gnu99;
				GCC_DYNAMIC_NO_PIC = NO;
				GCC_NO_COMMON_BLOCKS = YES;
				GCC_OPTIMIZATION_LEVEL = 0;
				GCC_PREPROCESSOR_DEFINITIONS = (
					"DEBUG=1",
					"$(inherited)",
				);
				GCC_WARN_64_TO_32_BIT_CONVERSION = YES;
				GCC_WARN_ABOUT_RETURN_TYPE = YES_ERROR;
				GCC_WARN_UNDECLARED_SELECTOR = YES;
				GCC_WARN_UNINITIALIZED_AUTOS = YES_AGGRESSIVE;
				GCC_WARN_UNUSED_FUNCTION = YES;
				GCC_WARN_UNUSED_VARIABLE = YES;
				IPHONEOS_DEPLOYMENT_TARGET = 10.3;
				MTL_ENABLE_DEBUG_INFO = YES;
				ONLY_ACTIVE_ARCH = YES;
				SDKROOT = iphoneos;
				SWIFT_ACTIVE_COMPILATION_CONDITIONS = DEBUG;
				SWIFT_OPTIMIZATION_LEVEL = "-Onone";
			};
			name = Debug;
		};
		9528A7251EB47CD7001720B4 /* Release */ = {
			isa = XCBuildConfiguration;
			buildSettings = {
				ALWAYS_SEARCH_USER_PATHS = NO;
				CLANG_ANALYZER_NONNULL = YES;
				CLANG_ANALYZER_NUMBER_OBJECT_CONVERSION = YES_AGGRESSIVE;
				CLANG_CXX_LANGUAGE_STANDARD = "gnu++0x";
				CLANG_CXX_LIBRARY = "libc++";
				CLANG_ENABLE_MODULES = YES;
				CLANG_ENABLE_OBJC_ARC = YES;
				CLANG_WARN_BOOL_CONVERSION = YES;
				CLANG_WARN_CONSTANT_CONVERSION = YES;
				CLANG_WARN_DIRECT_OBJC_ISA_USAGE = YES_ERROR;
				CLANG_WARN_DOCUMENTATION_COMMENTS = YES;
				CLANG_WARN_EMPTY_BODY = YES;
				CLANG_WARN_ENUM_CONVERSION = YES;
				CLANG_WARN_INFINITE_RECURSION = YES;
				CLANG_WARN_INT_CONVERSION = YES;
				CLANG_WARN_OBJC_ROOT_CLASS = YES_ERROR;
				CLANG_WARN_SUSPICIOUS_MOVE = YES;
				CLANG_WARN_UNREACHABLE_CODE = YES;
				CLANG_WARN__DUPLICATE_METHOD_MATCH = YES;
				"CODE_SIGN_IDENTITY[sdk=iphoneos*]" = "iPhone Developer";
				COPY_PHASE_STRIP = NO;
				DEBUG_INFORMATION_FORMAT = "dwarf-with-dsym";
				ENABLE_NS_ASSERTIONS = NO;
				ENABLE_STRICT_OBJC_MSGSEND = YES;
				GCC_C_LANGUAGE_STANDARD = gnu99;
				GCC_NO_COMMON_BLOCKS = YES;
				GCC_WARN_64_TO_32_BIT_CONVERSION = YES;
				GCC_WARN_ABOUT_RETURN_TYPE = YES_ERROR;
				GCC_WARN_UNDECLARED_SELECTOR = YES;
				GCC_WARN_UNINITIALIZED_AUTOS = YES_AGGRESSIVE;
				GCC_WARN_UNUSED_FUNCTION = YES;
				GCC_WARN_UNUSED_VARIABLE = YES;
				IPHONEOS_DEPLOYMENT_TARGET = 10.3;
				MTL_ENABLE_DEBUG_INFO = NO;
				SDKROOT = iphoneos;
				SWIFT_OPTIMIZATION_LEVEL = "-Owholemodule";
				VALIDATE_PRODUCT = YES;
			};
			name = Release;
		};
		9528A7271EB47CD7001720B4 /* Debug */ = {
			isa = XCBuildConfiguration;
			buildSettings = {
				ASSETCATALOG_COMPILER_APPICON_NAME = AppIcon;
				DEVELOPMENT_TEAM = XCJUNLP4Z8;
				INFOPLIST_FILE = ExpenseManager/Info.plist;
				LD_RUNPATH_SEARCH_PATHS = "$(inherited) @executable_path/Frameworks";
				PRODUCT_BUNDLE_IDENTIFIER = com.try.prakhar.ExpenseManager;
				PRODUCT_NAME = "$(TARGET_NAME)";
				SWIFT_VERSION = 3.0;
			};
			name = Debug;
		};
		9528A7281EB47CD7001720B4 /* Release */ = {
			isa = XCBuildConfiguration;
			buildSettings = {
				ASSETCATALOG_COMPILER_APPICON_NAME = AppIcon;
				DEVELOPMENT_TEAM = XCJUNLP4Z8;
				INFOPLIST_FILE = ExpenseManager/Info.plist;
				LD_RUNPATH_SEARCH_PATHS = "$(inherited) @executable_path/Frameworks";
				PRODUCT_BUNDLE_IDENTIFIER = com.try.prakhar.ExpenseManager;
				PRODUCT_NAME = "$(TARGET_NAME)";
				SWIFT_VERSION = 3.0;
			};
			name = Release;
		};
/* End XCBuildConfiguration section */

/* Begin XCConfigurationList section */
		9528A70C1EB47CD6001720B4 /* Build configuration list for PBXProject "ExpenseManager" */ = {
			isa = XCConfigurationList;
			buildConfigurations = (
				9528A7241EB47CD7001720B4 /* Debug */,
				9528A7251EB47CD7001720B4 /* Release */,
			);
			defaultConfigurationIsVisible = 0;
			defaultConfigurationName = Release;
		};
		9528A7261EB47CD7001720B4 /* Build configuration list for PBXNativeTarget "ExpenseManager" */ = {
			isa = XCConfigurationList;
			buildConfigurations = (
				9528A7271EB47CD7001720B4 /* Debug */,
				9528A7281EB47CD7001720B4 /* Release */,
			);
			defaultConfigurationIsVisible = 0;
		};
/* End XCConfigurationList section */

/* Begin XCVersionGroup section */
		9528A71B1EB47CD7001720B4 /* ExpenseManager.xcdatamodeld */ = {
			isa = XCVersionGroup;
			children = (
				9528A71C1EB47CD7001720B4 /* ExpenseManager.xcdatamodel */,
			);
			currentVersion = 9528A71C1EB47CD7001720B4 /* ExpenseManager.xcdatamodel */;
			path = ExpenseManager.xcdatamodeld;
			sourceTree = "<group>";
			versionGroupType = wrapper.xcdatamodel;
		};
/* End XCVersionGroup section */
	};
	rootObject = 9528A7091EB47CD6001720B4 /* Project object */;
}
